
Microsoft Visual Studio Solution File, Format Version 12.00
# Visual Studio Version 17
VisualStudioVersion = 17.4.33110.190
MinimumVisualStudioVersion = 10.0.40219.1
Project("{9A19103F-16F7-4668-BE54-9A1E7A4F7556}") = "Entities", "proxyLibrary\Entities.csproj", "{6FD1AD93-6E19-4DDA-9D09-1557BA91A73D}"
EndProject
Project("{9A19103F-16F7-4668-BE54-9A1E7A4F7556}") = "Core", "Core\Core.csproj", "{D37C827B-4A6F-44D5-9BEB-453D4A978277}"
EndProject
Project("{9A19103F-16F7-4668-BE54-9A1E7A4F7556}") = "Console", "Console\Console.csproj", "{E8AFC58F-D74B-45CA-BC27-16E664CDC331}"
EndProject
Global
	GlobalSection(SolutionConfigurationPlatforms) = preSolution
		Debug|Any CPU = Debug|Any CPU
		Release|Any CPU = Release|Any CPU
	EndGlobalSection
	GlobalSection(ProjectConfigurationPlatforms) = postSolution
		{6FD1AD93-6E19-4DDA-9D09-1557BA91A73D}.Debug|Any CPU.ActiveCfg = Debug|Any CPU
		{6FD1AD93-6E19-4DDA-9D09-1557BA91A73D}.Debug|Any CPU.Build.0 = Debug|Any CPU
		{6FD1AD93-6E19-4DDA-9D09-1557BA91A73D}.Release|Any CPU.ActiveCfg = Release|Any CPU
		{6FD1AD93-6E19-4DDA-9D09-1557BA91A73D}.Release|Any CPU.Build.0 = Release|Any CPU
		{D37C827B-4A6F-44D5-9BEB-453D4A978277}.Debug|Any CPU.ActiveCfg = Debug|Any CPU
		{D37C827B-4A6F-44D5-9BEB-453D4A978277}.Debug|Any CPU.Build.0 = Debug|Any CPU
		{D37C827B-4A6F-44D5-9BEB-453D4A978277}.Release|Any CPU.ActiveCfg = Release|Any CPU
		{D37C827B-4A6F-44D5-9BEB-453D4A978277}.Release|Any CPU.Build.0 = Release|Any CPU
		{E8AFC58F-D74B-45CA-BC27-16E664CDC331}.Debug|Any CPU.ActiveCfg = Debug|Any CPU
		{E8AFC58F-D74B-45CA-BC27-16E664CDC331}.Debug|Any CPU.Build.0 = Debug|Any CPU
		{E8AFC58F-D74B-45CA-BC27-16E664CDC331}.Release|Any CPU.ActiveCfg = Release|Any CPU
		{E8AFC58F-D74B-45CA-BC27-16E664CDC331}.Release|Any CPU.Build.0 = Release|Any CPU
	EndGlobalSection
	GlobalSection(SolutionProperties) = preSolution
		HideSolutionNode = FALSE
	EndGlobalSection
	GlobalSection(ExtensibilityGlobals) = postSolution
		SolutionGuid = {105D33FD-06E0-4E60-8295-07D54AE24C82}
	EndGlobalSection
EndGlobal
